
Microsoft Visual Studio Solution File, Format Version 12.00
# Visual Studio Version 17
VisualStudioVersion = 17.0.32112.339
MinimumVisualStudioVersion = 10.0.40219.1
Project("{FAE04EC0-301F-11D3-BF4B-00C04F79EFBC}") = "CarMax", "CarMax\CarMax.csproj", "{1F22DD31-4A38-47DD-871F-6AB70D75B689}"
EndProject
Global
	GlobalSection(SolutionConfigurationPlatforms) = preSolution
		Debug|Any CPU = Debug|Any CPU
		Release|Any CPU = Release|Any CPU
	EndGlobalSection
	GlobalSection(ProjectConfigurationPlatforms) = postSolution
		{1F22DD31-4A38-47DD-871F-6AB70D75B689}.Debug|Any CPU.ActiveCfg = Debug|Any CPU
		{1F22DD31-4A38-47DD-871F-6AB70D75B689}.Debug|Any CPU.Build.0 = Debug|Any CPU
		{1F22DD31-4A38-47DD-871F-6AB70D75B689}.Release|Any CPU.ActiveCfg = Release|Any CPU
		{1F22DD31-4A38-47DD-871F-6AB70D75B689}.Release|Any CPU.Build.0 = Release|Any CPU
	EndGlobalSection
	GlobalSection(SolutionProperties) = preSolution
		HideSolutionNode = FALSE
	EndGlobalSection
	GlobalSection(ExtensibilityGlobals) = postSolution
		SolutionGuid = {BC93CA96-57BB-4142-B4E4-0BB85F1607E1}
	EndGlobalSection
EndGlobal
